
Microsoft Visual Studio Solution File, Format Version 12.00
# Visual Studio Version 17
VisualStudioVersion = 17.13.35818.85 d17.13
MinimumVisualStudioVersion = 10.0.40219.1
Project("{FAE04EC0-301F-11D3-BF4B-00C04F79EFBC}") = "NextLevel8", "NextLevel8\NextLevel8\NextLevel8.csproj", "{30DC0549-F652-4B4E-B5C3-E9DA685C1915}"
EndProject
Global
	GlobalSection(SolutionConfigurationPlatforms) = preSolution
		Debug|Any CPU = Debug|Any CPU
		Release|Any CPU = Release|Any CPU
	EndGlobalSection
	GlobalSection(ProjectConfigurationPlatforms) = postSolution
		{30DC0549-F652-4B4E-B5C3-E9DA685C1915}.Debug|Any CPU.ActiveCfg = Debug|Any CPU
		{30DC0549-F652-4B4E-B5C3-E9DA685C1915}.Debug|Any CPU.Build.0 = Debug|Any CPU
		{30DC0549-F652-4B4E-B5C3-E9DA685C1915}.Release|Any CPU.ActiveCfg = Release|Any CPU
		{30DC0549-F652-4B4E-B5C3-E9DA685C1915}.Release|Any CPU.Build.0 = Release|Any CPU
	EndGlobalSection
	GlobalSection(SolutionProperties) = preSolution
		HideSolutionNode = FALSE
	EndGlobalSection
	GlobalSection(ExtensibilityGlobals) = postSolution
		SolutionGuid = {EFE1DBC4-AA56-4352-8DA6-D637589DDBF7}
	EndGlobalSection
EndGlobal
