
Microsoft Visual Studio Solution File, Format Version 12.00
# Visual Studio Version 17
VisualStudioVersion = 17.13.35806.99 d17.13
MinimumVisualStudioVersion = 10.0.40219.1
Project("{FAE04EC0-301F-11D3-BF4B-00C04F79EFBC}") = "NextLevel5", "NextLevel5\NextLevel5.csproj", "{4A839B49-F4EE-4190-82C6-3D485555FB52}"
EndProject
Global
	GlobalSection(SolutionConfigurationPlatforms) = preSolution
		Debug|Any CPU = Debug|Any CPU
		Release|Any CPU = Release|Any CPU
	EndGlobalSection
	GlobalSection(ProjectConfigurationPlatforms) = postSolution
		{4A839B49-F4EE-4190-82C6-3D485555FB52}.Debug|Any CPU.ActiveCfg = Debug|Any CPU
		{4A839B49-F4EE-4190-82C6-3D485555FB52}.Debug|Any CPU.Build.0 = Debug|Any CPU
		{4A839B49-F4EE-4190-82C6-3D485555FB52}.Release|Any CPU.ActiveCfg = Release|Any CPU
		{4A839B49-F4EE-4190-82C6-3D485555FB52}.Release|Any CPU.Build.0 = Release|Any CPU
	EndGlobalSection
	GlobalSection(SolutionProperties) = preSolution
		HideSolutionNode = FALSE
	EndGlobalSection
	GlobalSection(ExtensibilityGlobals) = postSolution
		SolutionGuid = {A6947DAB-C170-4AA4-BC43-59BF52543EAA}
	EndGlobalSection
EndGlobal
