
Microsoft Visual Studio Solution File, Format Version 12.00
# Visual Studio Version 17
VisualStudioVersion = 17.13.35931.197
MinimumVisualStudioVersion = 10.0.40219.1
Project("{FAE04EC0-301F-11D3-BF4B-00C04F79EFBC}") = "TheNextLevel", "TheNextLevel\TheNextLevel.csproj", "{04587D17-7955-4629-BEB0-A3AD83F9C77E}"
EndProject
Project("{FAE04EC0-301F-11D3-BF4B-00C04F79EFBC}") = "TaskManagement.Domain", "TaskManagement.Common\TaskManagement.Domain.csproj", "{5A62674B-D8F4-45DB-BEA0-DAC92E21CC2A}"
EndProject
Project("{FAE04EC0-301F-11D3-BF4B-00C04F79EFBC}") = "TaskManagement.Data", "TaskManagement.Data\TaskManagement.Data.csproj", "{A0F0E9AB-8558-44AA-95AE-07EF7F0CFED1}"
EndProject
Project("{FAE04EC0-301F-11D3-BF4B-00C04F79EFBC}") = "TaskManagement.Data.Sqlite", "TaskManagement.Data.Sqlite\TaskManagement.Data.Sqlite.csproj", "{61E54AEE-B125-48F3-AB87-D8C7B135B1F9}"
EndProject
Global
	GlobalSection(SolutionConfigurationPlatforms) = preSolution
		Debug|Any CPU = Debug|Any CPU
		Release|Any CPU = Release|Any CPU
	EndGlobalSection
	GlobalSection(ProjectConfigurationPlatforms) = postSolution
		{04587D17-7955-4629-BEB0-A3AD83F9C77E}.Debug|Any CPU.ActiveCfg = Debug|Any CPU
		{04587D17-7955-4629-BEB0-A3AD83F9C77E}.Debug|Any CPU.Build.0 = Debug|Any CPU
		{04587D17-7955-4629-BEB0-A3AD83F9C77E}.Release|Any CPU.ActiveCfg = Release|Any CPU
		{04587D17-7955-4629-BEB0-A3AD83F9C77E}.Release|Any CPU.Build.0 = Release|Any CPU
		{5A62674B-D8F4-45DB-BEA0-DAC92E21CC2A}.Debug|Any CPU.ActiveCfg = Debug|Any CPU
		{5A62674B-D8F4-45DB-BEA0-DAC92E21CC2A}.Debug|Any CPU.Build.0 = Debug|Any CPU
		{5A62674B-D8F4-45DB-BEA0-DAC92E21CC2A}.Release|Any CPU.ActiveCfg = Release|Any CPU
		{5A62674B-D8F4-45DB-BEA0-DAC92E21CC2A}.Release|Any CPU.Build.0 = Release|Any CPU
		{A0F0E9AB-8558-44AA-95AE-07EF7F0CFED1}.Debug|Any CPU.ActiveCfg = Debug|Any CPU
		{A0F0E9AB-8558-44AA-95AE-07EF7F0CFED1}.Debug|Any CPU.Build.0 = Debug|Any CPU
		{A0F0E9AB-8558-44AA-95AE-07EF7F0CFED1}.Release|Any CPU.ActiveCfg = Release|Any CPU
		{A0F0E9AB-8558-44AA-95AE-07EF7F0CFED1}.Release|Any CPU.Build.0 = Release|Any CPU
		{61E54AEE-B125-48F3-AB87-D8C7B135B1F9}.Debug|Any CPU.ActiveCfg = Debug|Any CPU
		{61E54AEE-B125-48F3-AB87-D8C7B135B1F9}.Debug|Any CPU.Build.0 = Debug|Any CPU
		{61E54AEE-B125-48F3-AB87-D8C7B135B1F9}.Release|Any CPU.ActiveCfg = Release|Any CPU
		{61E54AEE-B125-48F3-AB87-D8C7B135B1F9}.Release|Any CPU.Build.0 = Release|Any CPU
	EndGlobalSection
	GlobalSection(SolutionProperties) = preSolution
		HideSolutionNode = FALSE
	EndGlobalSection
	GlobalSection(ExtensibilityGlobals) = postSolution
		SolutionGuid = {DD58FCA9-F3DF-4B72-8F4E-E13D23C28709}
	EndGlobalSection
EndGlobal
